
Microsoft Visual Studio Solution File, Format Version 12.00
# Visual Studio 2012
Project("{8BC9CEB8-8B4A-11D0-8D11-00A0C91BC942}") = "TCPStateDemo", "patternCPPDemo.vcxproj", "{20FFC0C0-4DDC-4AA6-AF9F-48EA2E82FB46}"
EndProject
Project("{FAE04EC0-301F-11D3-BF4B-00C04F79EFBC}") = "LinkStateDemo", "..\IECLinkDemo\LinkStateDemo.csproj", "{1FDBAB11-C00C-4165-9BF9-3AC4FDC36C69}"
EndProject
Global
	GlobalSection(SolutionConfigurationPlatforms) = preSolution
		Debug|Any CPU = Debug|Any CPU
		Debug|Mixed Platforms = Debug|Mixed Platforms
		Debug|Win32 = Debug|Win32
		Release|Any CPU = Release|Any CPU
		Release|Mixed Platforms = Release|Mixed Platforms
		Release|Win32 = Release|Win32
	EndGlobalSection
	GlobalSection(ProjectConfigurationPlatforms) = postSolution
		{1FDBAB11-C00C-4165-9BF9-3AC4FDC36C69}.Debug|Any CPU.ActiveCfg = Debug|Any CPU
		{1FDBAB11-C00C-4165-9BF9-3AC4FDC36C69}.Debug|Any CPU.Build.0 = Debug|Any CPU
		{1FDBAB11-C00C-4165-9BF9-3AC4FDC36C69}.Debug|Mixed Platforms.ActiveCfg = Debug|Any CPU
		{1FDBAB11-C00C-4165-9BF9-3AC4FDC36C69}.Debug|Mixed Platforms.Build.0 = Debug|Any CPU
		{1FDBAB11-C00C-4165-9BF9-3AC4FDC36C69}.Debug|Win32.ActiveCfg = Debug|Any CPU
		{1FDBAB11-C00C-4165-9BF9-3AC4FDC36C69}.Release|Any CPU.ActiveCfg = Release|Any CPU
		{1FDBAB11-C00C-4165-9BF9-3AC4FDC36C69}.Release|Any CPU.Build.0 = Release|Any CPU
		{1FDBAB11-C00C-4165-9BF9-3AC4FDC36C69}.Release|Mixed Platforms.ActiveCfg = Release|Any CPU
		{1FDBAB11-C00C-4165-9BF9-3AC4FDC36C69}.Release|Mixed Platforms.Build.0 = Release|Any CPU
		{1FDBAB11-C00C-4165-9BF9-3AC4FDC36C69}.Release|Win32.ActiveCfg = Release|Any CPU
		{20FFC0C0-4DDC-4AA6-AF9F-48EA2E82FB46}.Debug|Any CPU.ActiveCfg = Debug|Win32
		{20FFC0C0-4DDC-4AA6-AF9F-48EA2E82FB46}.Debug|Mixed Platforms.ActiveCfg = Debug|Win32
		{20FFC0C0-4DDC-4AA6-AF9F-48EA2E82FB46}.Debug|Mixed Platforms.Build.0 = Debug|Win32
		{20FFC0C0-4DDC-4AA6-AF9F-48EA2E82FB46}.Debug|Win32.ActiveCfg = Debug|Win32
		{20FFC0C0-4DDC-4AA6-AF9F-48EA2E82FB46}.Debug|Win32.Build.0 = Debug|Win32
		{20FFC0C0-4DDC-4AA6-AF9F-48EA2E82FB46}.Release|Any CPU.ActiveCfg = Release|Win32
		{20FFC0C0-4DDC-4AA6-AF9F-48EA2E82FB46}.Release|Mixed Platforms.ActiveCfg = Release|Win32
		{20FFC0C0-4DDC-4AA6-AF9F-48EA2E82FB46}.Release|Mixed Platforms.Build.0 = Release|Win32
		{20FFC0C0-4DDC-4AA6-AF9F-48EA2E82FB46}.Release|Win32.ActiveCfg = Release|Win32
		{20FFC0C0-4DDC-4AA6-AF9F-48EA2E82FB46}.Release|Win32.Build.0 = Release|Win32
	EndGlobalSection
	GlobalSection(SolutionProperties) = preSolution
		HideSolutionNode = FALSE
	EndGlobalSection
EndGlobal
